{
  "name": "CodeCademy create a website with Java",
  "lockfileVersion": 2,
  "requires": true,
  "packages": {
    "": {
      "dependencies": {
        "main.js": "^0.0.1"
      }
    },
    "node_modules/main.js": {
      "version": "0.0.1",
      "resolved": "https://registry.npmjs.org/main.js/-/main.js-0.0.1.tgz",
      "integrity": "sha512-GmrRyq+WuVNHJ+egx2MS9tv0qPNe+d0ujli4twL5TmPpKs2CquBpLUqsuKLz8lhA8i5kx1Pmhie8HA4Qqpngkw==",
      "engines": {
        "node": "*"
      }
    }
  },
  "dependencies": {
    "main.js": {
      "version": "0.0.1",
      "resolved": "https://registry.npmjs.org/main.js/-/main.js-0.0.1.tgz",
      "integrity": "sha512-GmrRyq+WuVNHJ+egx2MS9tv0qPNe+d0ujli4twL5TmPpKs2CquBpLUqsuKLz8lhA8i5kx1Pmhie8HA4Qqpngkw=="
    }
  }
}
